
Microsoft Visual Studio Solution File, Format Version 12.00
# Visual Studio Version 17
VisualStudioVersion = 17.14.37614.0 d17.14
MinimumVisualStudioVersion = 10.0.40219.1
Project("{FAE04EC0-301F-11D3-BF4B-00C04F79EFBC}") = "GBMS", "GBMS.csproj", "{0495DDC6-1F19-4015-ADCD-B63E7282933B}"
EndProject
Global
	GlobalSection(SolutionConfigurationPlatforms) = preSolution
		Debug|Any CPU = Debug|Any CPU
		Release|Any CPU = Release|Any CPU
	EndGlobalSection
	GlobalSection(ProjectConfigurationPlatforms) = postSolution
		{0495DDC6-1F19-4015-ADCD-B63E7282933B}.Debug|Any CPU.ActiveCfg = Debug|Any CPU
		{0495DDC6-1F19-4015-ADCD-B63E7282933B}.Debug|Any CPU.Build.0 = Debug|Any CPU
		{0495DDC6-1F19-4015-ADCD-B63E7282933B}.Release|Any CPU.ActiveCfg = Release|Any CPU
		{0495DDC6-1F19-4015-ADCD-B63E7282933B}.Release|Any CPU.Build.0 = Release|Any CPU
	EndGlobalSection
	GlobalSection(SolutionProperties) = preSolution
		HideSolutionNode = FALSE
	EndGlobalSection
	GlobalSection(ExtensibilityGlobals) = postSolution
		SolutionGuid = {086745F5-6242-4B80-A191-8D6DF936F91C}
	EndGlobalSection
EndGlobal
